{
  "originHash" : "433097732af500308acaa24c9790a34d0ba27a22f083a901a586a368a33b7dca",
  "pins" : [
    {
      "identity" : "example-package-figlet",
      "kind" : "remoteSourceControl",
      "location" : "https://github.com/apple/example-package-figlet",
      "state" : {
        "branch" : "main",
        "revision" : "166eef46de0b094d6d1966e749f727d6c4beba0e"
      }
    }
  ],
  "version" : 3
}